
Microsoft Visual Studio Solution File, Format Version 12.00
# Visual Studio Version 16
VisualStudioVersion = 16.0.29123.88
MinimumVisualStudioVersion = 10.0.40219.1
Project("{FAE04EC0-301F-11D3-BF4B-00C04F79EFBC}") = "Quiddler", "Quiddler\Quiddler.csproj", "{ACBDD266-F0E8-406C-A0A1-348604B27CC8}"
EndProject
Project("{FAE04EC0-301F-11D3-BF4B-00C04F79EFBC}") = "Quiddler.Test", "Quiddler.Test\Quiddler.Test.csproj", "{FAB26110-BD53-4DC7-9ACE-3B5DCD7D9661}"
EndProject
Global
	GlobalSection(SolutionConfigurationPlatforms) = preSolution
		Debug|Any CPU = Debug|Any CPU
		Release|Any CPU = Release|Any CPU
	EndGlobalSection
	GlobalSection(ProjectConfigurationPlatforms) = postSolution
		{ACBDD266-F0E8-406C-A0A1-348604B27CC8}.Debug|Any CPU.ActiveCfg = Debug|Any CPU
		{ACBDD266-F0E8-406C-A0A1-348604B27CC8}.Debug|Any CPU.Build.0 = Debug|Any CPU
		{ACBDD266-F0E8-406C-A0A1-348604B27CC8}.Release|Any CPU.ActiveCfg = Release|Any CPU
		{ACBDD266-F0E8-406C-A0A1-348604B27CC8}.Release|Any CPU.Build.0 = Release|Any CPU
		{FAB26110-BD53-4DC7-9ACE-3B5DCD7D9661}.Debug|Any CPU.ActiveCfg = Debug|Any CPU
		{FAB26110-BD53-4DC7-9ACE-3B5DCD7D9661}.Debug|Any CPU.Build.0 = Debug|Any CPU
		{FAB26110-BD53-4DC7-9ACE-3B5DCD7D9661}.Release|Any CPU.ActiveCfg = Release|Any CPU
		{FAB26110-BD53-4DC7-9ACE-3B5DCD7D9661}.Release|Any CPU.Build.0 = Release|Any CPU
	EndGlobalSection
	GlobalSection(SolutionProperties) = preSolution
		HideSolutionNode = FALSE
	EndGlobalSection
	GlobalSection(ExtensibilityGlobals) = postSolution
		SolutionGuid = {AB61245C-A527-41BB-91A9-992217D873FE}
	EndGlobalSection
EndGlobal
